
Microsoft Visual Studio Solution File, Format Version 12.00
# Visual Studio Version 16
VisualStudioVersion = 16.0.31019.35
MinimumVisualStudioVersion = 10.0.40219.1
Project("{FAE04EC0-301F-11D3-BF4B-00C04F79EFBC}") = "HomeTask1", "HomeTask1\HomeTask1.csproj", "{BA3E196D-FF5C-46B2-BB4A-42ABCCE88B95}"
EndProject
Global
	GlobalSection(SolutionConfigurationPlatforms) = preSolution
		Debug|Any CPU = Debug|Any CPU
		Release|Any CPU = Release|Any CPU
	EndGlobalSection
	GlobalSection(ProjectConfigurationPlatforms) = postSolution
		{BA3E196D-FF5C-46B2-BB4A-42ABCCE88B95}.Debug|Any CPU.ActiveCfg = Debug|Any CPU
		{BA3E196D-FF5C-46B2-BB4A-42ABCCE88B95}.Debug|Any CPU.Build.0 = Debug|Any CPU
		{BA3E196D-FF5C-46B2-BB4A-42ABCCE88B95}.Release|Any CPU.ActiveCfg = Release|Any CPU
		{BA3E196D-FF5C-46B2-BB4A-42ABCCE88B95}.Release|Any CPU.Build.0 = Release|Any CPU
	EndGlobalSection
	GlobalSection(SolutionProperties) = preSolution
		HideSolutionNode = FALSE
	EndGlobalSection
	GlobalSection(ExtensibilityGlobals) = postSolution
		SolutionGuid = {16CEB3EA-71EC-43C1-90A8-8F24D09ACB1D}
	EndGlobalSection
EndGlobal
